
Microsoft Visual Studio Solution File, Format Version 12.00
# Visual Studio Version 16
VisualStudioVersion = 16.0.31205.134
MinimumVisualStudioVersion = 10.0.40219.1
Project("{FAE04EC0-301F-11D3-BF4B-00C04F79EFBC}") = "Domain.DataContext", "Domain.DataContext\Domain.DataContext.csproj", "{D8C5CE73-DEC5-4863-96D8-E97EFD1086D0}"
EndProject
Project("{FAE04EC0-301F-11D3-BF4B-00C04F79EFBC}") = "Api", "Api\Api.csproj", "{53DA36FE-F9E1-46DD-A4FE-E781F9C5F387}"
EndProject
Global
	GlobalSection(SolutionConfigurationPlatforms) = preSolution
		Debug|Any CPU = Debug|Any CPU
		Release|Any CPU = Release|Any CPU
	EndGlobalSection
	GlobalSection(ProjectConfigurationPlatforms) = postSolution
		{D8C5CE73-DEC5-4863-96D8-E97EFD1086D0}.Debug|Any CPU.ActiveCfg = Debug|Any CPU
		{D8C5CE73-DEC5-4863-96D8-E97EFD1086D0}.Debug|Any CPU.Build.0 = Debug|Any CPU
		{D8C5CE73-DEC5-4863-96D8-E97EFD1086D0}.Release|Any CPU.ActiveCfg = Release|Any CPU
		{D8C5CE73-DEC5-4863-96D8-E97EFD1086D0}.Release|Any CPU.Build.0 = Release|Any CPU
		{53DA36FE-F9E1-46DD-A4FE-E781F9C5F387}.Debug|Any CPU.ActiveCfg = Debug|Any CPU
		{53DA36FE-F9E1-46DD-A4FE-E781F9C5F387}.Debug|Any CPU.Build.0 = Debug|Any CPU
		{53DA36FE-F9E1-46DD-A4FE-E781F9C5F387}.Release|Any CPU.ActiveCfg = Release|Any CPU
		{53DA36FE-F9E1-46DD-A4FE-E781F9C5F387}.Release|Any CPU.Build.0 = Release|Any CPU
	EndGlobalSection
	GlobalSection(SolutionProperties) = preSolution
		HideSolutionNode = FALSE
	EndGlobalSection
	GlobalSection(ExtensibilityGlobals) = postSolution
		SolutionGuid = {842A08E0-D3B9-485D-B600-27387DEAC6E1}
	EndGlobalSection
EndGlobal
